// !$*UTF8*$!
{
	archiveVersion = 1;
	classes = {
	};
	objectVersion = 46;
	objects = {

/* Begin PBXBuildFile section */
		7A2922411A69B54600824E41 /* AppDelegate.swift in Sources */ = {isa = PBXBuildFile; fileRef = 7A2922401A69B54600824E41 /* AppDelegate.swift */; };
		7A2922431A69B54600824E41 /* Images.xcassets in Resources */ = {isa = PBXBuildFile; fileRef = 7A2922421A69B54600824E41 /* Images.xcassets */; };
		7A2922461A69B54600824E41 /* MainMenu.xib in Resources */ = {isa = PBXBuildFile; fileRef = 7A2922441A69B54600824E41 /* MainMenu.xib */; };
		8213E5FB1A773C810027CBD2 /* Realm.framework in Frameworks */ = {isa = PBXBuildFile; fileRef = 8213E5FA1A773C810027CBD2 /* Realm.framework */; };
		8213E5FC1A773C810027CBD2 /* Realm.framework in Embed Frameworks */ = {isa = PBXBuildFile; fileRef = 8213E5FA1A773C810027CBD2 /* Realm.framework */; settings = {ATTRIBUTES = (CodeSignOnCopy, RemoveHeadersOnCopy, ); }; };
		8213E5FF1A773CE90027CBD2 /* Item.swift in Sources */ = {isa = PBXBuildFile; fileRef = 8213E5FE1A773CE90027CBD2 /* Item.swift */; };
		8213E6001A773E200027CBD2 /* Item.swift in Sources */ = {isa = PBXBuildFile; fileRef = 8213E5FE1A773CE90027CBD2 /* Item.swift */; };
		8213E6021A773E560027CBD2 /* Realm.framework in Frameworks */ = {isa = PBXBuildFile; fileRef = 8213E5FA1A773C810027CBD2 /* Realm.framework */; };
		82D9472B1A788EEE000BF646 /* ReactiveCSVParser.framework in Frameworks */ = {isa = PBXBuildFile; fileRef = 82D9472A1A788EEE000BF646 /* ReactiveCSVParser.framework */; };
		82D9472C1A788EEE000BF646 /* ReactiveCSVParser.framework in Embed Frameworks */ = {isa = PBXBuildFile; fileRef = 82D9472A1A788EEE000BF646 /* ReactiveCSVParser.framework */; settings = {ATTRIBUTES = (CodeSignOnCopy, RemoveHeadersOnCopy, ); }; };
		82D9472E1A789080000BF646 /* ReactiveCocoa.framework in Frameworks */ = {isa = PBXBuildFile; fileRef = 82D9472D1A789080000BF646 /* ReactiveCocoa.framework */; };
		82D9472F1A789080000BF646 /* ReactiveCocoa.framework in Embed Frameworks */ = {isa = PBXBuildFile; fileRef = 82D9472D1A789080000BF646 /* ReactiveCocoa.framework */; settings = {ATTRIBUTES = (CodeSignOnCopy, RemoveHeadersOnCopy, ); }; };
		82FD0AAA1A79C8620093C6C6 /* Main.storyboard in Resources */ = {isa = PBXBuildFile; fileRef = 82FD0AA91A79C8620093C6C6 /* Main.storyboard */; };
		82FD0AAC1A79C8CA0093C6C6 /* HomeViewController.swift in Sources */ = {isa = PBXBuildFile; fileRef = 82FD0AAB1A79C8CA0093C6C6 /* HomeViewController.swift */; };
/* End PBXBuildFile section */

/* Begin PBXContainerItemProxy section */
		7A29224C1A69B54600824E41 /* PBXContainerItemProxy */ = {
			isa = PBXContainerItemProxy;
			containerPortal = 7A2922331A69B54600824E41 /* Project object */;
			proxyType = 1;
			remoteGlobalIDString = 7A29223A1A69B54600824E41;
			remoteInfo = Catalog;
		};
/* End PBXContainerItemProxy section */

/* Begin PBXCopyFilesBuildPhase section */
		8213E5FD1A773C810027CBD2 /* Embed Frameworks */ = {
			isa = PBXCopyFilesBuildPhase;
			buildActionMask = 2147483647;
			dstPath = "";
			dstSubfolderSpec = 10;
			files = (
				8213E5FC1A773C810027CBD2 /* Realm.framework in Embed Frameworks */,
				82D9472F1A789080000BF646 /* ReactiveCocoa.framework in Embed Frameworks */,
				82D9472C1A788EEE000BF646 /* ReactiveCSVParser.framework in Embed Frameworks */,
			);
			name = "Embed Frameworks";
			runOnlyForDeploymentPostprocessing = 0;
		};
/* End PBXCopyFilesBuildPhase section */

/* Begin PBXFileReference section */
		7A29223B1A69B54600824E41 /* Catalog.app */ = {isa = PBXFileReference; explicitFileType = wrapper.application; includeInIndex = 0; path = Catalog.app; sourceTree = BUILT_PRODUCTS_DIR; };
		7A29223F1A69B54600824E41 /* Info.plist */ = {isa = PBXFileReference; lastKnownFileType = text.plist.xml; path = Info.plist; sourceTree = "<group>"; };
		7A2922401A69B54600824E41 /* AppDelegate.swift */ = {isa = PBXFileReference; lastKnownFileType = sourcecode.swift; path = AppDelegate.swift; sourceTree = "<group>"; };
		7A2922421A69B54600824E41 /* Images.xcassets */ = {isa = PBXFileReference; lastKnownFileType = folder.assetcatalog; path = Images.xcassets; sourceTree = "<group>"; };
		7A2922451A69B54600824E41 /* Base */ = {isa = PBXFileReference; lastKnownFileType = file.xib; name = Base; path = Base.lproj/MainMenu.xib; sourceTree = "<group>"; };
		7A29224B1A69B54600824E41 /* CatalogTests.xctest */ = {isa = PBXFileReference; explicitFileType = wrapper.cfbundle; includeInIndex = 0; path = CatalogTests.xctest; sourceTree = BUILT_PRODUCTS_DIR; };
		7A2922501A69B54600824E41 /* Info.plist */ = {isa = PBXFileReference; lastKnownFileType = text.plist.xml; path = Info.plist; sourceTree = "<group>"; };
		8213E5FA1A773C810027CBD2 /* Realm.framework */ = {isa = PBXFileReference; lastKnownFileType = wrapper.framework; name = Realm.framework; path = Carthage/Build/Mac/Realm.framework; sourceTree = "<group>"; };
		8213E5FE1A773CE90027CBD2 /* Item.swift */ = {isa = PBXFileReference; fileEncoding = 4; lastKnownFileType = sourcecode.swift; path = Item.swift; sourceTree = "<group>"; };
		82D9472A1A788EEE000BF646 /* ReactiveCSVParser.framework */ = {isa = PBXFileReference; lastKnownFileType = wrapper.framework; name = ReactiveCSVParser.framework; path = Carthage/Build/Mac/ReactiveCSVParser.framework; sourceTree = "<group>"; };
		82D9472D1A789080000BF646 /* ReactiveCocoa.framework */ = {isa = PBXFileReference; lastKnownFileType = wrapper.framework; name = ReactiveCocoa.framework; path = Carthage/Build/Mac/ReactiveCocoa.framework; sourceTree = "<group>"; };
		82FD0AA91A79C8620093C6C6 /* Main.storyboard */ = {isa = PBXFileReference; fileEncoding = 4; lastKnownFileType = file.storyboard; path = Main.storyboard; sourceTree = "<group>"; };
		82FD0AAB1A79C8CA0093C6C6 /* HomeViewController.swift */ = {isa = PBXFileReference; fileEncoding = 4; lastKnownFileType = sourcecode.swift; path = HomeViewController.swift; sourceTree = "<group>"; };
/* End PBXFileReference section */

/* Begin PBXFrameworksBuildPhase section */
		7A2922381A69B54600824E41 /* Frameworks */ = {
			isa = PBXFrameworksBuildPhase;
			buildActionMask = 2147483647;
			files = (
				8213E5FB1A773C810027CBD2 /* Realm.framework in Frameworks */,
				82D9472E1A789080000BF646 /* ReactiveCocoa.framework in Frameworks */,
				82D9472B1A788EEE000BF646 /* ReactiveCSVParser.framework in Frameworks */,
			);
			runOnlyForDeploymentPostprocessing = 0;
		};
		7A2922481A69B54600824E41 /* Frameworks */ = {
			isa = PBXFrameworksBuildPhase;
			buildActionMask = 2147483647;
			files = (
				8213E6021A773E560027CBD2 /* Realm.framework in Frameworks */,
			);
			runOnlyForDeploymentPostprocessing = 0;
		};
/* End PBXFrameworksBuildPhase section */

/* Begin PBXGroup section */
		7A2922321A69B54600824E41 = {
			isa = PBXGroup;
			children = (
				8213E6011A773E2B0027CBD2 /* Frameworks */,
				7A29223D1A69B54600824E41 /* Catalog */,
				7A29224E1A69B54600824E41 /* CatalogTests */,
				7A29223C1A69B54600824E41 /* Products */,
			);
			sourceTree = "<group>";
		};
		7A29223C1A69B54600824E41 /* Products */ = {
			isa = PBXGroup;
			children = (
				7A29223B1A69B54600824E41 /* Catalog.app */,
				7A29224B1A69B54600824E41 /* CatalogTests.xctest */,
			);
			name = Products;
			sourceTree = "<group>";
		};
		7A29223D1A69B54600824E41 /* Catalog */ = {
			isa = PBXGroup;
			children = (
				7A2922401A69B54600824E41 /* AppDelegate.swift */,
				7A2922421A69B54600824E41 /* Images.xcassets */,
				7A2922441A69B54600824E41 /* MainMenu.xib */,
				7A29223E1A69B54600824E41 /* Supporting Files */,
				8213E5FE1A773CE90027CBD2 /* Item.swift */,
				82FD0AA91A79C8620093C6C6 /* Main.storyboard */,
				82FD0AAB1A79C8CA0093C6C6 /* HomeViewController.swift */,
			);
			path = Catalog;
			sourceTree = "<group>";
		};
		7A29223E1A69B54600824E41 /* Supporting Files */ = {
			isa = PBXGroup;
			children = (
				7A29223F1A69B54600824E41 /* Info.plist */,
			);
			name = "Supporting Files";
			sourceTree = "<group>";
		};
		7A29224E1A69B54600824E41 /* CatalogTests */ = {
			isa = PBXGroup;
			children = (
				7A29224F1A69B54600824E41 /* Supporting Files */,
			);
			path = CatalogTests;
			sourceTree = "<group>";
		};
		7A29224F1A69B54600824E41 /* Supporting Files */ = {
			isa = PBXGroup;
			children = (
				7A2922501A69B54600824E41 /* Info.plist */,
			);
			name = "Supporting Files";
			sourceTree = "<group>";
		};
		8213E6011A773E2B0027CBD2 /* Frameworks */ = {
			isa = PBXGroup;
			children = (
				82D9472D1A789080000BF646 /* ReactiveCocoa.framework */,
				82D9472A1A788EEE000BF646 /* ReactiveCSVParser.framework */,
				8213E5FA1A773C810027CBD2 /* Realm.framework */,
			);
			name = Frameworks;
			sourceTree = "<group>";
		};
/* End PBXGroup section */

/* Begin PBXNativeTarget section */
		7A29223A1A69B54600824E41 /* Catalog */ = {
			isa = PBXNativeTarget;
			buildConfigurationList = 7A2922551A69B54600824E41 /* Build configuration list for PBXNativeTarget "Catalog" */;
			buildPhases = (
				7A2922371A69B54600824E41 /* Sources */,
				7A2922381A69B54600824E41 /* Frameworks */,
				7A2922391A69B54600824E41 /* Resources */,
				8213E5FD1A773C810027CBD2 /* Embed Frameworks */,
			);
			buildRules = (
			);
			dependencies = (
			);
			name = Catalog;
			productName = Catalog;
			productReference = 7A29223B1A69B54600824E41 /* Catalog.app */;
			productType = "com.apple.product-type.application";
		};
		7A29224A1A69B54600824E41 /* CatalogTests */ = {
			isa = PBXNativeTarget;
			buildConfigurationList = 7A2922581A69B54600824E41 /* Build configuration list for PBXNativeTarget "CatalogTests" */;
			buildPhases = (
				7A2922471A69B54600824E41 /* Sources */,
				7A2922481A69B54600824E41 /* Frameworks */,
				7A2922491A69B54600824E41 /* Resources */,
			);
			buildRules = (
			);
			dependencies = (
				7A29224D1A69B54600824E41 /* PBXTargetDependency */,
			);
			name = CatalogTests;
			productName = CatalogTests;
			productReference = 7A29224B1A69B54600824E41 /* CatalogTests.xctest */;
			productType = "com.apple.product-type.bundle.unit-test";
		};
/* End PBXNativeTarget section */

/* Begin PBXProject section */
		7A2922331A69B54600824E41 /* Project object */ = {
			isa = PBXProject;
			attributes = {
				LastUpgradeCheck = 0620;
				ORGANIZATIONNAME = "Romain Pouclet";
				TargetAttributes = {
					7A29223A1A69B54600824E41 = {
						CreatedOnToolsVersion = 6.2;
					};
					7A29224A1A69B54600824E41 = {
						CreatedOnToolsVersion = 6.2;
						TestTargetID = 7A29223A1A69B54600824E41;
					};
				};
			};
			buildConfigurationList = 7A2922361A69B54600824E41 /* Build configuration list for PBXProject "Catalog" */;
			compatibilityVersion = "Xcode 3.2";
			developmentRegion = English;
			hasScannedForEncodings = 0;
			knownRegions = (
				en,
				Base,
			);
			mainGroup = 7A2922321A69B54600824E41;
			productRefGroup = 7A29223C1A69B54600824E41 /* Products */;
			projectDirPath = "";
			projectRoot = "";
			targets = (
				7A29223A1A69B54600824E41 /* Catalog */,
				7A29224A1A69B54600824E41 /* CatalogTests */,
			);
		};
/* End PBXProject section */

/* Begin PBXResourcesBuildPhase section */
		7A2922391A69B54600824E41 /* Resources */ = {
			isa = PBXResourcesBuildPhase;
			buildActionMask = 2147483647;
			files = (
				7A2922431A69B54600824E41 /* Images.xcassets in Resources */,
				7A2922461A69B54600824E41 /* MainMenu.xib in Resources */,
				82FD0AAA1A79C8620093C6C6 /* Main.storyboard in Resources */,
			);
			runOnlyForDeploymentPostprocessing = 0;
		};
		7A2922491A69B54600824E41 /* Resources */ = {
			isa = PBXResourcesBuildPhase;
			buildActionMask = 2147483647;
			files = (
			);
			runOnlyForDeploymentPostprocessing = 0;
		};
/* End PBXResourcesBuildPhase section */

/* Begin PBXSourcesBuildPhase section */
		7A2922371A69B54600824E41 /* Sources */ = {
			isa = PBXSourcesBuildPhase;
			buildActionMask = 2147483647;
			files = (
				82FD0AAC1A79C8CA0093C6C6 /* HomeViewController.swift in Sources */,
				8213E5FF1A773CE90027CBD2 /* Item.swift in Sources */,
				7A2922411A69B54600824E41 /* AppDelegate.swift in Sources */,
			);
			runOnlyForDeploymentPostprocessing = 0;
		};
		7A2922471A69B54600824E41 /* Sources */ = {
			isa = PBXSourcesBuildPhase;
			buildActionMask = 2147483647;
			files = (
				8213E6001A773E200027CBD2 /* Item.swift in Sources */,
			);
			runOnlyForDeploymentPostprocessing = 0;
		};
/* End PBXSourcesBuildPhase section */

/* Begin PBXTargetDependency section */
		7A29224D1A69B54600824E41 /* PBXTargetDependency */ = {
			isa = PBXTargetDependency;
			target = 7A29223A1A69B54600824E41 /* Catalog */;
			targetProxy = 7A29224C1A69B54600824E41 /* PBXContainerItemProxy */;
		};
/* End PBXTargetDependency section */

/* Begin PBXVariantGroup section */
		7A2922441A69B54600824E41 /* MainMenu.xib */ = {
			isa = PBXVariantGroup;
			children = (
				7A2922451A69B54600824E41 /* Base */,
			);
			name = MainMenu.xib;
			sourceTree = "<group>";
		};
/* End PBXVariantGroup section */

/* Begin XCBuildConfiguration section */
		7A2922531A69B54600824E41 /* Debug */ = {
			isa = XCBuildConfiguration;
			buildSettings = {
				ALWAYS_SEARCH_USER_PATHS = NO;
				CLANG_CXX_LANGUAGE_STANDARD = "gnu++0x";
				CLANG_CXX_LIBRARY = "libc++";
				CLANG_ENABLE_MODULES = YES;
				CLANG_ENABLE_OBJC_ARC = YES;
				CLANG_WARN_BOOL_CONVERSION = YES;
				CLANG_WARN_CONSTANT_CONVERSION = YES;
				CLANG_WARN_DIRECT_OBJC_ISA_USAGE = YES_ERROR;
				CLANG_WARN_EMPTY_BODY = YES;
				CLANG_WARN_ENUM_CONVERSION = YES;
				CLANG_WARN_INT_CONVERSION = YES;
				CLANG_WARN_OBJC_ROOT_CLASS = YES_ERROR;
				CLANG_WARN_UNREACHABLE_CODE = YES;
				CLANG_WARN__DUPLICATE_METHOD_MATCH = YES;
				CODE_SIGN_IDENTITY = "-";
				COPY_PHASE_STRIP = NO;
				ENABLE_STRICT_OBJC_MSGSEND = YES;
				GCC_C_LANGUAGE_STANDARD = gnu99;
				GCC_DYNAMIC_NO_PIC = NO;
				GCC_OPTIMIZATION_LEVEL = 0;
				GCC_PREPROCESSOR_DEFINITIONS = (
					"DEBUG=1",
					"$(inherited)",
				);
				GCC_SYMBOLS_PRIVATE_EXTERN = NO;
				GCC_WARN_64_TO_32_BIT_CONVERSION = YES;
				GCC_WARN_ABOUT_RETURN_TYPE = YES_ERROR;
				GCC_WARN_UNDECLARED_SELECTOR = YES;
				GCC_WARN_UNINITIALIZED_AUTOS = YES_AGGRESSIVE;
				GCC_WARN_UNUSED_FUNCTION = YES;
				GCC_WARN_UNUSED_VARIABLE = YES;
				MACOSX_DEPLOYMENT_TARGET = 10.9;
				MTL_ENABLE_DEBUG_INFO = YES;
				ONLY_ACTIVE_ARCH = YES;
				SDKROOT = macosx;
				SWIFT_OPTIMIZATION_LEVEL = "-Onone";
			};
			name = Debug;
		};
		7A2922541A69B54600824E41 /* Release */ = {
			isa = XCBuildConfiguration;
			buildSettings = {
				ALWAYS_SEARCH_USER_PATHS = NO;
				CLANG_CXX_LANGUAGE_STANDARD = "gnu++0x";
				CLANG_CXX_LIBRARY = "libc++";
				CLANG_ENABLE_MODULES = YES;
				CLANG_ENABLE_OBJC_ARC = YES;
				CLANG_WARN_BOOL_CONVERSION = YES;
				CLANG_WARN_CONSTANT_CONVERSION = YES;
				CLANG_WARN_DIRECT_OBJC_ISA_USAGE = YES_ERROR;
				CLANG_WARN_EMPTY_BODY = YES;
				CLANG_WARN_ENUM_CONVERSION = YES;
				CLANG_WARN_INT_CONVERSION = YES;
				CLANG_WARN_OBJC_ROOT_CLASS = YES_ERROR;
				CLANG_WARN_UNREACHABLE_CODE = YES;
				CLANG_WARN__DUPLICATE_METHOD_MATCH = YES;
				CODE_SIGN_IDENTITY = "-";
				COPY_PHASE_STRIP = YES;
				DEBUG_INFORMATION_FORMAT = "dwarf-with-dsym";
				ENABLE_NS_ASSERTIONS = NO;
				ENABLE_STRICT_OBJC_MSGSEND = YES;
				GCC_C_LANGUAGE_STANDARD = gnu99;
				GCC_WARN_64_TO_32_BIT_CONVERSION = YES;
				GCC_WARN_ABOUT_RETURN_TYPE = YES_ERROR;
				GCC_WARN_UNDECLARED_SELECTOR = YES;
				GCC_WARN_UNINITIALIZED_AUTOS = YES_AGGRESSIVE;
				GCC_WARN_UNUSED_FUNCTION = YES;
				GCC_WARN_UNUSED_VARIABLE = YES;
				MACOSX_DEPLOYMENT_TARGET = 10.9;
				MTL_ENABLE_DEBUG_INFO = NO;
				SDKROOT = macosx;
			};
			name = Release;
		};
		7A2922561A69B54600824E41 /* Debug */ = {
			isa = XCBuildConfiguration;
			buildSettings = {
				ASSETCATALOG_COMPILER_APPICON_NAME = AppIcon;
				CODE_SIGN_IDENTITY = "";
				COMBINE_HIDPI_IMAGES = YES;
				FRAMEWORK_SEARCH_PATHS = (
					"$(inherited)",
					"$(PROJECT_DIR)/Carthage/Build/Mac",
				);
				INFOPLIST_FILE = Catalog/Info.plist;
				LD_RUNPATH_SEARCH_PATHS = "$(inherited) @executable_path/../Frameworks";
				PRODUCT_NAME = "$(TARGET_NAME)";
			};
			name = Debug;
		};
		7A2922571A69B54600824E41 /* Release */ = {
			isa = XCBuildConfiguration;
			buildSettings = {
				ASSETCATALOG_COMPILER_APPICON_NAME = AppIcon;
				CODE_SIGN_IDENTITY = "";
				COMBINE_HIDPI_IMAGES = YES;
				FRAMEWORK_SEARCH_PATHS = (
					"$(inherited)",
					"$(PROJECT_DIR)/Carthage/Build/Mac",
				);
				INFOPLIST_FILE = Catalog/Info.plist;
				LD_RUNPATH_SEARCH_PATHS = "$(inherited) @executable_path/../Frameworks";
				PRODUCT_NAME = "$(TARGET_NAME)";
			};
			name = Release;
		};
		7A2922591A69B54600824E41 /* Debug */ = {
			isa = XCBuildConfiguration;
			buildSettings = {
				BUNDLE_LOADER = "$(TEST_HOST)";
				CLANG_ENABLE_MODULES = YES;
				COMBINE_HIDPI_IMAGES = YES;
				FRAMEWORK_SEARCH_PATHS = (
					"$(DEVELOPER_FRAMEWORKS_DIR)",
					"$(inherited)",
					"$(PROJECT_DIR)/Carthage/Build/Mac",
				);
				GCC_PREPROCESSOR_DEFINITIONS = (
					"DEBUG=1",
					"$(inherited)",
				);
				INFOPLIST_FILE = CatalogTests/Info.plist;
				LD_RUNPATH_SEARCH_PATHS = "$(inherited) @executable_path/../Frameworks @loader_path/../Frameworks";
				PRODUCT_NAME = "$(TARGET_NAME)";
				SWIFT_OPTIMIZATION_LEVEL = "-Onone";
				TEST_HOST = "$(BUILT_PRODUCTS_DIR)/Catalog.app/Contents/MacOS/Catalog";
			};
			name = Debug;
		};
		7A29225A1A69B54600824E41 /* Release */ = {
			isa = XCBuildConfiguration;
			buildSettings = {
				BUNDLE_LOADER = "$(TEST_HOST)";
				CLANG_ENABLE_MODULES = YES;
				COMBINE_HIDPI_IMAGES = YES;
				FRAMEWORK_SEARCH_PATHS = (
					"$(DEVELOPER_FRAMEWORKS_DIR)",
					"$(inherited)",
					"$(PROJECT_DIR)/Carthage/Build/Mac",
				);
				INFOPLIST_FILE = CatalogTests/Info.plist;
				LD_RUNPATH_SEARCH_PATHS = "$(inherited) @executable_path/../Frameworks @loader_path/../Frameworks";
				PRODUCT_NAME = "$(TARGET_NAME)";
				TEST_HOST = "$(BUILT_PRODUCTS_DIR)/Catalog.app/Contents/MacOS/Catalog";
			};
			name = Release;
		};
/* End XCBuildConfiguration section */

/* Begin XCConfigurationList section */
		7A2922361A69B54600824E41 /* Build configuration list for PBXProject "Catalog" */ = {
			isa = XCConfigurationList;
			buildConfigurations = (
				7A2922531A69B54600824E41 /* Debug */,
				7A2922541A69B54600824E41 /* Release */,
			);
			defaultConfigurationIsVisible = 0;
			defaultConfigurationName = Release;
		};
		7A2922551A69B54600824E41 /* Build configuration list for PBXNativeTarget "Catalog" */ = {
			isa = XCConfigurationList;
			buildConfigurations = (
				7A2922561A69B54600824E41 /* Debug */,
				7A2922571A69B54600824E41 /* Release */,
			);
			defaultConfigurationIsVisible = 0;
			defaultConfigurationName = Release;
		};
		7A2922581A69B54600824E41 /* Build configuration list for PBXNativeTarget "CatalogTests" */ = {
			isa = XCConfigurationList;
			buildConfigurations = (
				7A2922591A69B54600824E41 /* Debug */,
				7A29225A1A69B54600824E41 /* Release */,
			);
			defaultConfigurationIsVisible = 0;
			defaultConfigurationName = Release;
		};
/* End XCConfigurationList section */
	};
	rootObject = 7A2922331A69B54600824E41 /* Project object */;
}
