// !$*UTF8*$!
{
	archiveVersion = 1;
	classes = {
	};
	objectVersion = 46;
	objects = {

/* Begin PBXBuildFile section */
		7AD1D0D01A7816E800D74341 /* ReactiveCSVParser.h in Headers */ = {isa = PBXBuildFile; fileRef = 7AD1D0CF1A7816E800D74341 /* ReactiveCSVParser.h */; settings = {ATTRIBUTES = (Public, ); }; };
		7AD1D0D61A7816E800D74341 /* ReactiveCSVParser.framework in Frameworks */ = {isa = PBXBuildFile; fileRef = 7AD1D0CA1A7816E800D74341 /* ReactiveCSVParser.framework */; };
		7AD1D10D1A7833EC00D74341 /* ReactiveCocoa.framework in Frameworks */ = {isa = PBXBuildFile; fileRef = 7AD1D10C1A7833EC00D74341 /* ReactiveCocoa.framework */; };
		7AD1D10F1A7833F900D74341 /* ReactiveCocoa.framework in CopyFiles */ = {isa = PBXBuildFile; fileRef = 7AD1D10C1A7833EC00D74341 /* ReactiveCocoa.framework */; settings = {ATTRIBUTES = (CodeSignOnCopy, RemoveHeadersOnCopy, ); }; };
		7AD1D1111A7834E200D74341 /* Parser.swift in Sources */ = {isa = PBXBuildFile; fileRef = 7AD1D1101A7834E200D74341 /* Parser.swift */; };
		7AD1D1121A7834E200D74341 /* Parser.swift in Sources */ = {isa = PBXBuildFile; fileRef = 7AD1D1101A7834E200D74341 /* Parser.swift */; };
		7AD1D1151A7836A800D74341 /* ReactiveCocoa.framework in Frameworks */ = {isa = PBXBuildFile; fileRef = 7AD1D10C1A7833EC00D74341 /* ReactiveCocoa.framework */; };
		7AD1D1171A783A7500D74341 /* ParserTests.swift in Sources */ = {isa = PBXBuildFile; fileRef = 7AD1D1161A783A7500D74341 /* ParserTests.swift */; };
		7AD1D1191A783ABB00D74341 /* Fixtures in Resources */ = {isa = PBXBuildFile; fileRef = 7AD1D1181A783ABB00D74341 /* Fixtures */; };
		82EB6E801A785BE60047FD0A /* ReactiveCocoa.framework in CopyFiles */ = {isa = PBXBuildFile; fileRef = 7AD1D10C1A7833EC00D74341 /* ReactiveCocoa.framework */; settings = {ATTRIBUTES = (CodeSignOnCopy, RemoveHeadersOnCopy, ); }; };
/* End PBXBuildFile section */

/* Begin PBXContainerItemProxy section */
		7AD1D0D71A7816E800D74341 /* PBXContainerItemProxy */ = {
			isa = PBXContainerItemProxy;
			containerPortal = 7AD1D0C11A7816E800D74341 /* Project object */;
			proxyType = 1;
			remoteGlobalIDString = 7AD1D0C91A7816E800D74341;
			remoteInfo = ReactiveCSVParser;
		};
/* End PBXContainerItemProxy section */

/* Begin PBXCopyFilesBuildPhase section */
		7AD1D10E1A7833F000D74341 /* CopyFiles */ = {
			isa = PBXCopyFilesBuildPhase;
			buildActionMask = 2147483647;
			dstPath = "";
			dstSubfolderSpec = 10;
			files = (
				7AD1D10F1A7833F900D74341 /* ReactiveCocoa.framework in CopyFiles */,
			);
			runOnlyForDeploymentPostprocessing = 0;
		};
		82EB6E7F1A785BDE0047FD0A /* CopyFiles */ = {
			isa = PBXCopyFilesBuildPhase;
			buildActionMask = 2147483647;
			dstPath = "";
			dstSubfolderSpec = 10;
			files = (
				82EB6E801A785BE60047FD0A /* ReactiveCocoa.framework in CopyFiles */,
			);
			runOnlyForDeploymentPostprocessing = 0;
		};
/* End PBXCopyFilesBuildPhase section */

/* Begin PBXFileReference section */
		7AD1D0CA1A7816E800D74341 /* ReactiveCSVParser.framework */ = {isa = PBXFileReference; explicitFileType = wrapper.framework; includeInIndex = 0; path = ReactiveCSVParser.framework; sourceTree = BUILT_PRODUCTS_DIR; };
		7AD1D0CE1A7816E800D74341 /* Info.plist */ = {isa = PBXFileReference; lastKnownFileType = text.plist.xml; path = Info.plist; sourceTree = "<group>"; };
		7AD1D0CF1A7816E800D74341 /* ReactiveCSVParser.h */ = {isa = PBXFileReference; lastKnownFileType = sourcecode.c.h; path = ReactiveCSVParser.h; sourceTree = "<group>"; };
		7AD1D0D51A7816E800D74341 /* ReactiveCSVParserTests.xctest */ = {isa = PBXFileReference; explicitFileType = wrapper.cfbundle; includeInIndex = 0; path = ReactiveCSVParserTests.xctest; sourceTree = BUILT_PRODUCTS_DIR; };
		7AD1D0DB1A7816E800D74341 /* Info.plist */ = {isa = PBXFileReference; lastKnownFileType = text.plist.xml; path = Info.plist; sourceTree = "<group>"; };
		7AD1D10C1A7833EC00D74341 /* ReactiveCocoa.framework */ = {isa = PBXFileReference; lastKnownFileType = wrapper.framework; name = ReactiveCocoa.framework; path = Carthage/Build/Mac/ReactiveCocoa.framework; sourceTree = "<group>"; };
		7AD1D1101A7834E200D74341 /* Parser.swift */ = {isa = PBXFileReference; fileEncoding = 4; lastKnownFileType = sourcecode.swift; path = Parser.swift; sourceTree = "<group>"; };
		7AD1D1161A783A7500D74341 /* ParserTests.swift */ = {isa = PBXFileReference; fileEncoding = 4; lastKnownFileType = sourcecode.swift; path = ParserTests.swift; sourceTree = "<group>"; };
		7AD1D1181A783ABB00D74341 /* Fixtures */ = {isa = PBXFileReference; lastKnownFileType = folder; path = Fixtures; sourceTree = "<group>"; };
/* End PBXFileReference section */

/* Begin PBXFrameworksBuildPhase section */
		7AD1D0C61A7816E800D74341 /* Frameworks */ = {
			isa = PBXFrameworksBuildPhase;
			buildActionMask = 2147483647;
			files = (
				7AD1D10D1A7833EC00D74341 /* ReactiveCocoa.framework in Frameworks */,
			);
			runOnlyForDeploymentPostprocessing = 0;
		};
		7AD1D0D21A7816E800D74341 /* Frameworks */ = {
			isa = PBXFrameworksBuildPhase;
			buildActionMask = 2147483647;
			files = (
				7AD1D0D61A7816E800D74341 /* ReactiveCSVParser.framework in Frameworks */,
				7AD1D1151A7836A800D74341 /* ReactiveCocoa.framework in Frameworks */,
			);
			runOnlyForDeploymentPostprocessing = 0;
		};
/* End PBXFrameworksBuildPhase section */

/* Begin PBXGroup section */
		7AD1D0C01A7816E800D74341 = {
			isa = PBXGroup;
			children = (
				825E494A1A787F7C00B4D977 /* Frameworks */,
				7AD1D0CC1A7816E800D74341 /* ReactiveCSVParser */,
				7AD1D0D91A7816E800D74341 /* ReactiveCSVParserTests */,
				7AD1D0CB1A7816E800D74341 /* Products */,
			);
			sourceTree = "<group>";
		};
		7AD1D0CB1A7816E800D74341 /* Products */ = {
			isa = PBXGroup;
			children = (
				7AD1D0CA1A7816E800D74341 /* ReactiveCSVParser.framework */,
				7AD1D0D51A7816E800D74341 /* ReactiveCSVParserTests.xctest */,
			);
			name = Products;
			sourceTree = "<group>";
		};
		7AD1D0CC1A7816E800D74341 /* ReactiveCSVParser */ = {
			isa = PBXGroup;
			children = (
				7AD1D0CF1A7816E800D74341 /* ReactiveCSVParser.h */,
				7AD1D0CD1A7816E800D74341 /* Supporting Files */,
				7AD1D1101A7834E200D74341 /* Parser.swift */,
			);
			path = ReactiveCSVParser;
			sourceTree = "<group>";
		};
		7AD1D0CD1A7816E800D74341 /* Supporting Files */ = {
			isa = PBXGroup;
			children = (
				7AD1D0CE1A7816E800D74341 /* Info.plist */,
			);
			name = "Supporting Files";
			sourceTree = "<group>";
		};
		7AD1D0D91A7816E800D74341 /* ReactiveCSVParserTests */ = {
			isa = PBXGroup;
			children = (
				7AD1D1181A783ABB00D74341 /* Fixtures */,
				7AD1D0DA1A7816E800D74341 /* Supporting Files */,
				7AD1D1161A783A7500D74341 /* ParserTests.swift */,
			);
			path = ReactiveCSVParserTests;
			sourceTree = "<group>";
		};
		7AD1D0DA1A7816E800D74341 /* Supporting Files */ = {
			isa = PBXGroup;
			children = (
				7AD1D0DB1A7816E800D74341 /* Info.plist */,
			);
			name = "Supporting Files";
			sourceTree = "<group>";
		};
		825E494A1A787F7C00B4D977 /* Frameworks */ = {
			isa = PBXGroup;
			children = (
				7AD1D10C1A7833EC00D74341 /* ReactiveCocoa.framework */,
			);
			name = Frameworks;
			sourceTree = "<group>";
		};
/* End PBXGroup section */

/* Begin PBXHeadersBuildPhase section */
		7AD1D0C71A7816E800D74341 /* Headers */ = {
			isa = PBXHeadersBuildPhase;
			buildActionMask = 2147483647;
			files = (
				7AD1D0D01A7816E800D74341 /* ReactiveCSVParser.h in Headers */,
			);
			runOnlyForDeploymentPostprocessing = 0;
		};
/* End PBXHeadersBuildPhase section */

/* Begin PBXNativeTarget section */
		7AD1D0C91A7816E800D74341 /* ReactiveCSVParser */ = {
			isa = PBXNativeTarget;
			buildConfigurationList = 7AD1D0E01A7816E800D74341 /* Build configuration list for PBXNativeTarget "ReactiveCSVParser" */;
			buildPhases = (
				7AD1D0C51A7816E800D74341 /* Sources */,
				7AD1D0C61A7816E800D74341 /* Frameworks */,
				7AD1D0C71A7816E800D74341 /* Headers */,
				7AD1D0C81A7816E800D74341 /* Resources */,
				7AD1D10E1A7833F000D74341 /* CopyFiles */,
			);
			buildRules = (
			);
			dependencies = (
			);
			name = ReactiveCSVParser;
			productName = ReactiveCSVParser;
			productReference = 7AD1D0CA1A7816E800D74341 /* ReactiveCSVParser.framework */;
			productType = "com.apple.product-type.framework";
		};
		7AD1D0D41A7816E800D74341 /* ReactiveCSVParserTests */ = {
			isa = PBXNativeTarget;
			buildConfigurationList = 7AD1D0E31A7816E800D74341 /* Build configuration list for PBXNativeTarget "ReactiveCSVParserTests" */;
			buildPhases = (
				7AD1D0D11A7816E800D74341 /* Sources */,
				7AD1D0D21A7816E800D74341 /* Frameworks */,
				7AD1D0D31A7816E800D74341 /* Resources */,
				82EB6E7F1A785BDE0047FD0A /* CopyFiles */,
			);
			buildRules = (
			);
			dependencies = (
				7AD1D0D81A7816E800D74341 /* PBXTargetDependency */,
			);
			name = ReactiveCSVParserTests;
			productName = ReactiveCSVParserTests;
			productReference = 7AD1D0D51A7816E800D74341 /* ReactiveCSVParserTests.xctest */;
			productType = "com.apple.product-type.bundle.unit-test";
		};
/* End PBXNativeTarget section */

/* Begin PBXProject section */
		7AD1D0C11A7816E800D74341 /* Project object */ = {
			isa = PBXProject;
			attributes = {
				LastUpgradeCheck = 0610;
				ORGANIZATIONNAME = "Perfectly-Cooked";
				TargetAttributes = {
					7AD1D0C91A7816E800D74341 = {
						CreatedOnToolsVersion = 6.1.1;
					};
					7AD1D0D41A7816E800D74341 = {
						CreatedOnToolsVersion = 6.1.1;
					};
				};
			};
			buildConfigurationList = 7AD1D0C41A7816E800D74341 /* Build configuration list for PBXProject "ReactiveCSVParser" */;
			compatibilityVersion = "Xcode 3.2";
			developmentRegion = English;
			hasScannedForEncodings = 0;
			knownRegions = (
				en,
			);
			mainGroup = 7AD1D0C01A7816E800D74341;
			productRefGroup = 7AD1D0CB1A7816E800D74341 /* Products */;
			projectDirPath = "";
			projectRoot = "";
			targets = (
				7AD1D0C91A7816E800D74341 /* ReactiveCSVParser */,
				7AD1D0D41A7816E800D74341 /* ReactiveCSVParserTests */,
			);
		};
/* End PBXProject section */

/* Begin PBXResourcesBuildPhase section */
		7AD1D0C81A7816E800D74341 /* Resources */ = {
			isa = PBXResourcesBuildPhase;
			buildActionMask = 2147483647;
			files = (
			);
			runOnlyForDeploymentPostprocessing = 0;
		};
		7AD1D0D31A7816E800D74341 /* Resources */ = {
			isa = PBXResourcesBuildPhase;
			buildActionMask = 2147483647;
			files = (
				7AD1D1191A783ABB00D74341 /* Fixtures in Resources */,
			);
			runOnlyForDeploymentPostprocessing = 0;
		};
/* End PBXResourcesBuildPhase section */

/* Begin PBXSourcesBuildPhase section */
		7AD1D0C51A7816E800D74341 /* Sources */ = {
			isa = PBXSourcesBuildPhase;
			buildActionMask = 2147483647;
			files = (
				7AD1D1111A7834E200D74341 /* Parser.swift in Sources */,
			);
			runOnlyForDeploymentPostprocessing = 0;
		};
		7AD1D0D11A7816E800D74341 /* Sources */ = {
			isa = PBXSourcesBuildPhase;
			buildActionMask = 2147483647;
			files = (
				7AD1D1171A783A7500D74341 /* ParserTests.swift in Sources */,
				7AD1D1121A7834E200D74341 /* Parser.swift in Sources */,
			);
			runOnlyForDeploymentPostprocessing = 0;
		};
/* End PBXSourcesBuildPhase section */

/* Begin PBXTargetDependency section */
		7AD1D0D81A7816E800D74341 /* PBXTargetDependency */ = {
			isa = PBXTargetDependency;
			target = 7AD1D0C91A7816E800D74341 /* ReactiveCSVParser */;
			targetProxy = 7AD1D0D71A7816E800D74341 /* PBXContainerItemProxy */;
		};
/* End PBXTargetDependency section */

/* Begin XCBuildConfiguration section */
		7AD1D0DE1A7816E800D74341 /* Debug */ = {
			isa = XCBuildConfiguration;
			buildSettings = {
				ALWAYS_SEARCH_USER_PATHS = NO;
				CLANG_CXX_LANGUAGE_STANDARD = "gnu++0x";
				CLANG_CXX_LIBRARY = "libc++";
				CLANG_ENABLE_MODULES = YES;
				CLANG_ENABLE_OBJC_ARC = YES;
				CLANG_WARN_BOOL_CONVERSION = YES;
				CLANG_WARN_CONSTANT_CONVERSION = YES;
				CLANG_WARN_DIRECT_OBJC_ISA_USAGE = YES_ERROR;
				CLANG_WARN_EMPTY_BODY = YES;
				CLANG_WARN_ENUM_CONVERSION = YES;
				CLANG_WARN_INT_CONVERSION = YES;
				CLANG_WARN_OBJC_ROOT_CLASS = YES_ERROR;
				CLANG_WARN_UNREACHABLE_CODE = YES;
				CLANG_WARN__DUPLICATE_METHOD_MATCH = YES;
				COPY_PHASE_STRIP = NO;
				CURRENT_PROJECT_VERSION = 1;
				ENABLE_STRICT_OBJC_MSGSEND = YES;
				GCC_C_LANGUAGE_STANDARD = gnu99;
				GCC_DYNAMIC_NO_PIC = NO;
				GCC_OPTIMIZATION_LEVEL = 0;
				GCC_PREPROCESSOR_DEFINITIONS = (
					"DEBUG=1",
					"$(inherited)",
				);
				GCC_SYMBOLS_PRIVATE_EXTERN = NO;
				GCC_WARN_64_TO_32_BIT_CONVERSION = YES;
				GCC_WARN_ABOUT_RETURN_TYPE = YES_ERROR;
				GCC_WARN_UNDECLARED_SELECTOR = YES;
				GCC_WARN_UNINITIALIZED_AUTOS = YES_AGGRESSIVE;
				GCC_WARN_UNUSED_FUNCTION = YES;
				GCC_WARN_UNUSED_VARIABLE = YES;
				MACOSX_DEPLOYMENT_TARGET = 10.9;
				MTL_ENABLE_DEBUG_INFO = YES;
				ONLY_ACTIVE_ARCH = YES;
				SDKROOT = macosx;
				SWIFT_OPTIMIZATION_LEVEL = "-Onone";
				VERSIONING_SYSTEM = "apple-generic";
				VERSION_INFO_PREFIX = "";
			};
			name = Debug;
		};
		7AD1D0DF1A7816E800D74341 /* Release */ = {
			isa = XCBuildConfiguration;
			buildSettings = {
				ALWAYS_SEARCH_USER_PATHS = NO;
				CLANG_CXX_LANGUAGE_STANDARD = "gnu++0x";
				CLANG_CXX_LIBRARY = "libc++";
				CLANG_ENABLE_MODULES = YES;
				CLANG_ENABLE_OBJC_ARC = YES;
				CLANG_WARN_BOOL_CONVERSION = YES;
				CLANG_WARN_CONSTANT_CONVERSION = YES;
				CLANG_WARN_DIRECT_OBJC_ISA_USAGE = YES_ERROR;
				CLANG_WARN_EMPTY_BODY = YES;
				CLANG_WARN_ENUM_CONVERSION = YES;
				CLANG_WARN_INT_CONVERSION = YES;
				CLANG_WARN_OBJC_ROOT_CLASS = YES_ERROR;
				CLANG_WARN_UNREACHABLE_CODE = YES;
				CLANG_WARN__DUPLICATE_METHOD_MATCH = YES;
				COPY_PHASE_STRIP = YES;
				CURRENT_PROJECT_VERSION = 1;
				DEBUG_INFORMATION_FORMAT = "dwarf-with-dsym";
				ENABLE_NS_ASSERTIONS = NO;
				ENABLE_STRICT_OBJC_MSGSEND = YES;
				GCC_C_LANGUAGE_STANDARD = gnu99;
				GCC_WARN_64_TO_32_BIT_CONVERSION = YES;
				GCC_WARN_ABOUT_RETURN_TYPE = YES_ERROR;
				GCC_WARN_UNDECLARED_SELECTOR = YES;
				GCC_WARN_UNINITIALIZED_AUTOS = YES_AGGRESSIVE;
				GCC_WARN_UNUSED_FUNCTION = YES;
				GCC_WARN_UNUSED_VARIABLE = YES;
				MACOSX_DEPLOYMENT_TARGET = 10.9;
				MTL_ENABLE_DEBUG_INFO = NO;
				SDKROOT = macosx;
				VERSIONING_SYSTEM = "apple-generic";
				VERSION_INFO_PREFIX = "";
			};
			name = Release;
		};
		7AD1D0E11A7816E800D74341 /* Debug */ = {
			isa = XCBuildConfiguration;
			buildSettings = {
				CLANG_ENABLE_MODULES = YES;
				COMBINE_HIDPI_IMAGES = YES;
				DEFINES_MODULE = YES;
				DYLIB_COMPATIBILITY_VERSION = 1;
				DYLIB_CURRENT_VERSION = 1;
				DYLIB_INSTALL_NAME_BASE = "@rpath";
				FRAMEWORK_SEARCH_PATHS = (
					"$(inherited)",
					"$(PROJECT_DIR)/Carthage/Build/Mac",
				);
				FRAMEWORK_VERSION = A;
				INFOPLIST_FILE = ReactiveCSVParser/Info.plist;
				INSTALL_PATH = "$(LOCAL_LIBRARY_DIR)/Frameworks";
				LD_RUNPATH_SEARCH_PATHS = "$(inherited) @executable_path/../Frameworks @loader_path/Frameworks";
				PRODUCT_NAME = "$(TARGET_NAME)";
				SKIP_INSTALL = YES;
				SWIFT_OPTIMIZATION_LEVEL = "-Onone";
			};
			name = Debug;
		};
		7AD1D0E21A7816E800D74341 /* Release */ = {
			isa = XCBuildConfiguration;
			buildSettings = {
				CLANG_ENABLE_MODULES = YES;
				COMBINE_HIDPI_IMAGES = YES;
				DEFINES_MODULE = YES;
				DYLIB_COMPATIBILITY_VERSION = 1;
				DYLIB_CURRENT_VERSION = 1;
				DYLIB_INSTALL_NAME_BASE = "@rpath";
				FRAMEWORK_SEARCH_PATHS = (
					"$(inherited)",
					"$(PROJECT_DIR)/Carthage/Build/Mac",
				);
				FRAMEWORK_VERSION = A;
				INFOPLIST_FILE = ReactiveCSVParser/Info.plist;
				INSTALL_PATH = "$(LOCAL_LIBRARY_DIR)/Frameworks";
				LD_RUNPATH_SEARCH_PATHS = "$(inherited) @executable_path/../Frameworks @loader_path/Frameworks";
				PRODUCT_NAME = "$(TARGET_NAME)";
				SKIP_INSTALL = YES;
			};
			name = Release;
		};
		7AD1D0E41A7816E800D74341 /* Debug */ = {
			isa = XCBuildConfiguration;
			buildSettings = {
				COMBINE_HIDPI_IMAGES = YES;
				FRAMEWORK_SEARCH_PATHS = (
					"$(DEVELOPER_FRAMEWORKS_DIR)",
					"$(inherited)",
					"$(PROJECT_DIR)/Carthage/Build/Mac",
				);
				GCC_PREPROCESSOR_DEFINITIONS = (
					"DEBUG=1",
					"$(inherited)",
				);
				INFOPLIST_FILE = ReactiveCSVParserTests/Info.plist;
				LD_RUNPATH_SEARCH_PATHS = "$(inherited) @executable_path/../Frameworks @loader_path/../Frameworks";
				PRODUCT_NAME = "$(TARGET_NAME)";
			};
			name = Debug;
		};
		7AD1D0E51A7816E800D74341 /* Release */ = {
			isa = XCBuildConfiguration;
			buildSettings = {
				COMBINE_HIDPI_IMAGES = YES;
				FRAMEWORK_SEARCH_PATHS = (
					"$(DEVELOPER_FRAMEWORKS_DIR)",
					"$(inherited)",
					"$(PROJECT_DIR)/Carthage/Build/Mac",
				);
				INFOPLIST_FILE = ReactiveCSVParserTests/Info.plist;
				LD_RUNPATH_SEARCH_PATHS = "$(inherited) @executable_path/../Frameworks @loader_path/../Frameworks";
				PRODUCT_NAME = "$(TARGET_NAME)";
			};
			name = Release;
		};
/* End XCBuildConfiguration section */

/* Begin XCConfigurationList section */
		7AD1D0C41A7816E800D74341 /* Build configuration list for PBXProject "ReactiveCSVParser" */ = {
			isa = XCConfigurationList;
			buildConfigurations = (
				7AD1D0DE1A7816E800D74341 /* Debug */,
				7AD1D0DF1A7816E800D74341 /* Release */,
			);
			defaultConfigurationIsVisible = 0;
			defaultConfigurationName = Release;
		};
		7AD1D0E01A7816E800D74341 /* Build configuration list for PBXNativeTarget "ReactiveCSVParser" */ = {
			isa = XCConfigurationList;
			buildConfigurations = (
				7AD1D0E11A7816E800D74341 /* Debug */,
				7AD1D0E21A7816E800D74341 /* Release */,
			);
			defaultConfigurationIsVisible = 0;
			defaultConfigurationName = Release;
		};
		7AD1D0E31A7816E800D74341 /* Build configuration list for PBXNativeTarget "ReactiveCSVParserTests" */ = {
			isa = XCConfigurationList;
			buildConfigurations = (
				7AD1D0E41A7816E800D74341 /* Debug */,
				7AD1D0E51A7816E800D74341 /* Release */,
			);
			defaultConfigurationIsVisible = 0;
			defaultConfigurationName = Release;
		};
/* End XCConfigurationList section */
	};
	rootObject = 7AD1D0C11A7816E800D74341 /* Project object */;
}
